
Microsoft Visual Studio Solution File, Format Version 12.00
# Visual Studio Version 17
VisualStudioVersion = 17.8.34330.188
MinimumVisualStudioVersion = 10.0.40219.1
Project("{9A19103F-16F7-4668-BE54-9A1E7A4F7556}") = "BankTransactions", "BankTransactions\BankTransactions.csproj", "{BCF2FEEC-615B-4942-A5B6-C96EC5D60568}"
EndProject
Project("{2150E333-8FDC-42A3-9474-1A3956D46DE8}") = "Solution Items", "Solution Items", "{F5BF20F8-9492-41C0-A9F8-04B46DF1668F}"
	ProjectSection(SolutionItems) = preProject
		.editorconfig = .editorconfig
	EndProjectSection
EndProject
Global
	GlobalSection(SolutionConfigurationPlatforms) = preSolution
		Debug|Any CPU = Debug|Any CPU
		Release|Any CPU = Release|Any CPU
	EndGlobalSection
	GlobalSection(ProjectConfigurationPlatforms) = postSolution
		{BCF2FEEC-615B-4942-A5B6-C96EC5D60568}.Debug|Any CPU.ActiveCfg = Debug|Any CPU
		{BCF2FEEC-615B-4942-A5B6-C96EC5D60568}.Debug|Any CPU.Build.0 = Debug|Any CPU
		{BCF2FEEC-615B-4942-A5B6-C96EC5D60568}.Release|Any CPU.ActiveCfg = Release|Any CPU
		{BCF2FEEC-615B-4942-A5B6-C96EC5D60568}.Release|Any CPU.Build.0 = Release|Any CPU
	EndGlobalSection
	GlobalSection(SolutionProperties) = preSolution
		HideSolutionNode = FALSE
	EndGlobalSection
	GlobalSection(ExtensibilityGlobals) = postSolution
		SolutionGuid = {616D9344-CB81-48EE-ABA5-D86D5FB5DC78}
	EndGlobalSection
EndGlobal
